
Microsoft Visual Studio Solution File, Format Version 12.00
# Visual Studio Version 16
VisualStudioVersion = 16.0.31624.102
MinimumVisualStudioVersion = 10.0.40219.1
Project("{FAE04EC0-301F-11D3-BF4B-00C04F79EFBC}") = "M151_WebShop", "M151_WebShop\M151_WebShop.csproj", "{0626E8AC-13BB-483D-A8CA-116B4FDD6D11}"
EndProject
Project("{FAE04EC0-301F-11D3-BF4B-00C04F79EFBC}") = "M151_WebShop.Data", "M151_WebShop.Data\M151_WebShop.Data.csproj", "{8A6C9A06-CCC6-42DA-92D0-69F995AF0166}"
EndProject
Project("{FAE04EC0-301F-11D3-BF4B-00C04F79EFBC}") = "M151_WebShop.DataAccess", "M151_WebShop.DataAccess\M151_WebShop.DataAccess.csproj", "{2BC3A735-0771-450B-AD05-B8CE4E47DF79}"
EndProject
Project("{FAE04EC0-301F-11D3-BF4B-00C04F79EFBC}") = "M151_WebShop.Business", "M151_WebShop.Business\M151_WebShop.Business.csproj", "{810FEC49-86B9-494E-AB5A-A845D623DE83}"
EndProject
Project("{FAE04EC0-301F-11D3-BF4B-00C04F79EFBC}") = "M151_WebShop.Presentation", "M151_WebShop.Presentation\M151_WebShop.Presentation.csproj", "{8AAEE3D7-3270-490A-84D4-539DA0DE7444}"
EndProject
Global
	GlobalSection(SolutionConfigurationPlatforms) = preSolution
		Debug|Any CPU = Debug|Any CPU
		Release|Any CPU = Release|Any CPU
	EndGlobalSection
	GlobalSection(ProjectConfigurationPlatforms) = postSolution
		{0626E8AC-13BB-483D-A8CA-116B4FDD6D11}.Debug|Any CPU.ActiveCfg = Debug|Any CPU
		{0626E8AC-13BB-483D-A8CA-116B4FDD6D11}.Debug|Any CPU.Build.0 = Debug|Any CPU
		{0626E8AC-13BB-483D-A8CA-116B4FDD6D11}.Release|Any CPU.ActiveCfg = Release|Any CPU
		{0626E8AC-13BB-483D-A8CA-116B4FDD6D11}.Release|Any CPU.Build.0 = Release|Any CPU
		{8A6C9A06-CCC6-42DA-92D0-69F995AF0166}.Debug|Any CPU.ActiveCfg = Debug|Any CPU
		{8A6C9A06-CCC6-42DA-92D0-69F995AF0166}.Debug|Any CPU.Build.0 = Debug|Any CPU
		{8A6C9A06-CCC6-42DA-92D0-69F995AF0166}.Release|Any CPU.ActiveCfg = Release|Any CPU
		{8A6C9A06-CCC6-42DA-92D0-69F995AF0166}.Release|Any CPU.Build.0 = Release|Any CPU
		{2BC3A735-0771-450B-AD05-B8CE4E47DF79}.Debug|Any CPU.ActiveCfg = Debug|Any CPU
		{2BC3A735-0771-450B-AD05-B8CE4E47DF79}.Debug|Any CPU.Build.0 = Debug|Any CPU
		{2BC3A735-0771-450B-AD05-B8CE4E47DF79}.Release|Any CPU.ActiveCfg = Release|Any CPU
		{2BC3A735-0771-450B-AD05-B8CE4E47DF79}.Release|Any CPU.Build.0 = Release|Any CPU
		{810FEC49-86B9-494E-AB5A-A845D623DE83}.Debug|Any CPU.ActiveCfg = Debug|Any CPU
		{810FEC49-86B9-494E-AB5A-A845D623DE83}.Debug|Any CPU.Build.0 = Debug|Any CPU
		{810FEC49-86B9-494E-AB5A-A845D623DE83}.Release|Any CPU.ActiveCfg = Release|Any CPU
		{810FEC49-86B9-494E-AB5A-A845D623DE83}.Release|Any CPU.Build.0 = Release|Any CPU
		{8AAEE3D7-3270-490A-84D4-539DA0DE7444}.Debug|Any CPU.ActiveCfg = Debug|Any CPU
		{8AAEE3D7-3270-490A-84D4-539DA0DE7444}.Debug|Any CPU.Build.0 = Debug|Any CPU
		{8AAEE3D7-3270-490A-84D4-539DA0DE7444}.Release|Any CPU.ActiveCfg = Release|Any CPU
		{8AAEE3D7-3270-490A-84D4-539DA0DE7444}.Release|Any CPU.Build.0 = Release|Any CPU
	EndGlobalSection
	GlobalSection(SolutionProperties) = preSolution
		HideSolutionNode = FALSE
	EndGlobalSection
	GlobalSection(ExtensibilityGlobals) = postSolution
		SolutionGuid = {494C9040-896A-4BF5-96FF-0B25414066FD}
	EndGlobalSection
EndGlobal
